{
  "name": "date-formatter",
  "lockfileVersion": 3,
  "requires": true,
  "packages": {
    "": {
      "dependencies": {
        "@jhenbert/date-formatter": "npm:@jsr/jhenbert__date-formatter@^0.1.1"
      }
    },
    "node_modules/@jhenbert/date-formatter": {
      "name": "@jsr/jhenbert__date-formatter",
      "version": "0.1.1",
      "resolved": "https://npm.jsr.io/~/11/@jsr/jhenbert__date-formatter/0.1.1.tgz",
      "integrity": "sha512-kWQM6QGaSnKb1dTOpoC1eNBvd/q+qsH/aYHKtlam70hLn6nJOs/Hcco66sxaDfoqoRq1yzNbYftiVGSp/GKLSA=="
    }
  }
}
